
Microsoft Visual Studio Solution File, Format Version 12.00
# Visual Studio Version 16
VisualStudioVersion = 16.0.31911.196
MinimumVisualStudioVersion = 10.0.40219.1
Project("{FAE04EC0-301F-11D3-BF4B-00C04F79EFBC}") = "YazilimYapimi", "YazilimYapimi\YazilimYapimi.csproj", "{81815808-9399-48FA-B8AD-6D7FF974F771}"
EndProject
Global
	GlobalSection(SolutionConfigurationPlatforms) = preSolution
		Debug|Any CPU = Debug|Any CPU
		Release|Any CPU = Release|Any CPU
	EndGlobalSection
	GlobalSection(ProjectConfigurationPlatforms) = postSolution
		{81815808-9399-48FA-B8AD-6D7FF974F771}.Debug|Any CPU.ActiveCfg = Debug|Any CPU
		{81815808-9399-48FA-B8AD-6D7FF974F771}.Debug|Any CPU.Build.0 = Debug|Any CPU
		{81815808-9399-48FA-B8AD-6D7FF974F771}.Release|Any CPU.ActiveCfg = Release|Any CPU
		{81815808-9399-48FA-B8AD-6D7FF974F771}.Release|Any CPU.Build.0 = Release|Any CPU
	EndGlobalSection
	GlobalSection(SolutionProperties) = preSolution
		HideSolutionNode = FALSE
	EndGlobalSection
	GlobalSection(ExtensibilityGlobals) = postSolution
		SolutionGuid = {85303794-B866-473D-991C-552D74D00DBA}
	EndGlobalSection
EndGlobal
